// !$*UTF8*$!
{
	archiveVersion = 1;
	classes = {
	};
	objectVersion = 50;
	objects = {

/* Begin PBXBuildFile section */
		B841ACD526AD87A1001A2ED6 /* AppDelegate.swift in Sources */ = {isa = PBXBuildFile; fileRef = B841ACD426AD87A1001A2ED6 /* AppDelegate.swift */; };
		B841ACD726AD87A1001A2ED6 /* SceneDelegate.swift in Sources */ = {isa = PBXBuildFile; fileRef = B841ACD626AD87A1001A2ED6 /* SceneDelegate.swift */; };
		B841ACD926AD87A1001A2ED6 /* ViewController.swift in Sources */ = {isa = PBXBuildFile; fileRef = B841ACD826AD87A1001A2ED6 /* ViewController.swift */; };
		B841ACDC26AD87A1001A2ED6 /* Main.storyboard in Resources */ = {isa = PBXBuildFile; fileRef = B841ACDA26AD87A1001A2ED6 /* Main.storyboard */; };
		B841ACDE26AD87A2001A2ED6 /* Assets.xcassets in Resources */ = {isa = PBXBuildFile; fileRef = B841ACDD26AD87A2001A2ED6 /* Assets.xcassets */; };
		B841ACE126AD87A2001A2ED6 /* LaunchScreen.storyboard in Resources */ = {isa = PBXBuildFile; fileRef = B841ACDF26AD87A2001A2ED6 /* LaunchScreen.storyboard */; };
		B841ACEA26AD8960001A2ED6 /* resultViewController.swift in Sources */ = {isa = PBXBuildFile; fileRef = B841ACE926AD8960001A2ED6 /* resultViewController.swift */; };
		B841ACED26AD8AC3001A2ED6 /* buranko_boy_sad.png in Resources */ = {isa = PBXBuildFile; fileRef = B841ACEC26AD8AC2001A2ED6 /* buranko_boy_sad.png */; };
		B841ACF226AD8ACD001A2ED6 /* buranko_boy_smile.png in Resources */ = {isa = PBXBuildFile; fileRef = B841ACEF26AD8ACD001A2ED6 /* buranko_boy_smile.png */; };
		B841ACF326AD8ACD001A2ED6 /* buranko_girl_sad.png in Resources */ = {isa = PBXBuildFile; fileRef = B841ACF026AD8ACD001A2ED6 /* buranko_girl_sad.png */; };
		B841ACF426AD8ACD001A2ED6 /* buranko_girl_smile.png in Resources */ = {isa = PBXBuildFile; fileRef = B841ACF126AD8ACD001A2ED6 /* buranko_girl_smile.png */; };
		B861561A26B2331D0026EFC3 /* gazou-2.jpeg in Resources */ = {isa = PBXBuildFile; fileRef = B861561626B2331C0026EFC3 /* gazou-2.jpeg */; };
		B861561B26B2331D0026EFC3 /* gazou-3.jpeg in Resources */ = {isa = PBXBuildFile; fileRef = B861561726B2331C0026EFC3 /* gazou-3.jpeg */; };
		B861561C26B2331D0026EFC3 /* gazou-4.jpeg in Resources */ = {isa = PBXBuildFile; fileRef = B861561826B2331C0026EFC3 /* gazou-4.jpeg */; };
		B861563E26B2D1A00026EFC3 /* gazou-1.jpeg in Resources */ = {isa = PBXBuildFile; fileRef = B861563D26B2D1A00026EFC3 /* gazou-1.jpeg */; };
/* End PBXBuildFile section */

/* Begin PBXFileReference section */
		B841ACD126AD87A1001A2ED6 /* SlideshowApp.app */ = {isa = PBXFileReference; explicitFileType = wrapper.application; includeInIndex = 0; path = SlideshowApp.app; sourceTree = BUILT_PRODUCTS_DIR; };
		B841ACD426AD87A1001A2ED6 /* AppDelegate.swift */ = {isa = PBXFileReference; lastKnownFileType = sourcecode.swift; path = AppDelegate.swift; sourceTree = "<group>"; };
		B841ACD626AD87A1001A2ED6 /* SceneDelegate.swift */ = {isa = PBXFileReference; lastKnownFileType = sourcecode.swift; path = SceneDelegate.swift; sourceTree = "<group>"; };
		B841ACD826AD87A1001A2ED6 /* ViewController.swift */ = {isa = PBXFileReference; lastKnownFileType = sourcecode.swift; path = ViewController.swift; sourceTree = "<group>"; };
		B841ACDB26AD87A1001A2ED6 /* Base */ = {isa = PBXFileReference; lastKnownFileType = file.storyboard; name = Base; path = Base.lproj/Main.storyboard; sourceTree = "<group>"; };
		B841ACDD26AD87A2001A2ED6 /* Assets.xcassets */ = {isa = PBXFileReference; lastKnownFileType = folder.assetcatalog; path = Assets.xcassets; sourceTree = "<group>"; };
		B841ACE026AD87A2001A2ED6 /* Base */ = {isa = PBXFileReference; lastKnownFileType = file.storyboard; name = Base; path = Base.lproj/LaunchScreen.storyboard; sourceTree = "<group>"; };
		B841ACE226AD87A2001A2ED6 /* Info.plist */ = {isa = PBXFileReference; lastKnownFileType = text.plist.xml; path = Info.plist; sourceTree = "<group>"; };
		B841ACE926AD8960001A2ED6 /* resultViewController.swift */ = {isa = PBXFileReference; lastKnownFileType = sourcecode.swift; path = resultViewController.swift; sourceTree = "<group>"; };
		B841ACEC26AD8AC2001A2ED6 /* buranko_boy_sad.png */ = {isa = PBXFileReference; lastKnownFileType = image.png; path = buranko_boy_sad.png; sourceTree = "<group>"; };
		B841ACEF26AD8ACD001A2ED6 /* buranko_boy_smile.png */ = {isa = PBXFileReference; lastKnownFileType = image.png; path = buranko_boy_smile.png; sourceTree = "<group>"; };
		B841ACF026AD8ACD001A2ED6 /* buranko_girl_sad.png */ = {isa = PBXFileReference; lastKnownFileType = image.png; path = buranko_girl_sad.png; sourceTree = "<group>"; };
		B841ACF126AD8ACD001A2ED6 /* buranko_girl_smile.png */ = {isa = PBXFileReference; lastKnownFileType = image.png; path = buranko_girl_smile.png; sourceTree = "<group>"; };
		B861561626B2331C0026EFC3 /* gazou-2.jpeg */ = {isa = PBXFileReference; lastKnownFileType = image.jpeg; path = "gazou-2.jpeg"; sourceTree = "<group>"; };
		B861561726B2331C0026EFC3 /* gazou-3.jpeg */ = {isa = PBXFileReference; lastKnownFileType = image.jpeg; path = "gazou-3.jpeg"; sourceTree = "<group>"; };
		B861561826B2331C0026EFC3 /* gazou-4.jpeg */ = {isa = PBXFileReference; lastKnownFileType = image.jpeg; path = "gazou-4.jpeg"; sourceTree = "<group>"; };
		B861563D26B2D1A00026EFC3 /* gazou-1.jpeg */ = {isa = PBXFileReference; lastKnownFileType = image.jpeg; path = "gazou-1.jpeg"; sourceTree = "<group>"; };
/* End PBXFileReference section */

/* Begin PBXFrameworksBuildPhase section */
		B841ACCE26AD87A1001A2ED6 /* Frameworks */ = {
			isa = PBXFrameworksBuildPhase;
			buildActionMask = 2147483647;
			files = (
			);
			runOnlyForDeploymentPostprocessing = 0;
		};
/* End PBXFrameworksBuildPhase section */

/* Begin PBXGroup section */
		B841ACC826AD87A1001A2ED6 = {
			isa = PBXGroup;
			children = (
				B841ACD326AD87A1001A2ED6 /* SlideshowApp */,
				B841ACD226AD87A1001A2ED6 /* Products */,
			);
			sourceTree = "<group>";
		};
		B841ACD226AD87A1001A2ED6 /* Products */ = {
			isa = PBXGroup;
			children = (
				B841ACD126AD87A1001A2ED6 /* SlideshowApp.app */,
			);
			name = Products;
			sourceTree = "<group>";
		};
		B841ACD326AD87A1001A2ED6 /* SlideshowApp */ = {
			isa = PBXGroup;
			children = (
				B841ACD426AD87A1001A2ED6 /* AppDelegate.swift */,
				B841ACD626AD87A1001A2ED6 /* SceneDelegate.swift */,
				B841ACD826AD87A1001A2ED6 /* ViewController.swift */,
				B841ACDA26AD87A1001A2ED6 /* Main.storyboard */,
				B841ACE926AD8960001A2ED6 /* resultViewController.swift */,
				B861563D26B2D1A00026EFC3 /* gazou-1.jpeg */,
				B861561626B2331C0026EFC3 /* gazou-2.jpeg */,
				B861561726B2331C0026EFC3 /* gazou-3.jpeg */,
				B861561826B2331C0026EFC3 /* gazou-4.jpeg */,
				B841ACEF26AD8ACD001A2ED6 /* buranko_boy_smile.png */,
				B841ACF026AD8ACD001A2ED6 /* buranko_girl_sad.png */,
				B841ACF126AD8ACD001A2ED6 /* buranko_girl_smile.png */,
				B841ACEC26AD8AC2001A2ED6 /* buranko_boy_sad.png */,
				B841ACDD26AD87A2001A2ED6 /* Assets.xcassets */,
				B841ACDF26AD87A2001A2ED6 /* LaunchScreen.storyboard */,
				B841ACE226AD87A2001A2ED6 /* Info.plist */,
			);
			path = SlideshowApp;
			sourceTree = "<group>";
		};
/* End PBXGroup section */

/* Begin PBXNativeTarget section */
		B841ACD026AD87A1001A2ED6 /* SlideshowApp */ = {
			isa = PBXNativeTarget;
			buildConfigurationList = B841ACE526AD87A2001A2ED6 /* Build configuration list for PBXNativeTarget "SlideshowApp" */;
			buildPhases = (
				B841ACCD26AD87A1001A2ED6 /* Sources */,
				B841ACCE26AD87A1001A2ED6 /* Frameworks */,
				B841ACCF26AD87A1001A2ED6 /* Resources */,
			);
			buildRules = (
			);
			dependencies = (
			);
			name = SlideshowApp;
			productName = SlideshowApp;
			productReference = B841ACD126AD87A1001A2ED6 /* SlideshowApp.app */;
			productType = "com.apple.product-type.application";
		};
/* End PBXNativeTarget section */

/* Begin PBXProject section */
		B841ACC926AD87A1001A2ED6 /* Project object */ = {
			isa = PBXProject;
			attributes = {
				LastSwiftUpdateCheck = 1220;
				LastUpgradeCheck = 1220;
				TargetAttributes = {
					B841ACD026AD87A1001A2ED6 = {
						CreatedOnToolsVersion = 12.2;
					};
				};
			};
			buildConfigurationList = B841ACCC26AD87A1001A2ED6 /* Build configuration list for PBXProject "SlideshowApp" */;
			compatibilityVersion = "Xcode 9.3";
			developmentRegion = en;
			hasScannedForEncodings = 0;
			knownRegions = (
				en,
				Base,
			);
			mainGroup = B841ACC826AD87A1001A2ED6;
			productRefGroup = B841ACD226AD87A1001A2ED6 /* Products */;
			projectDirPath = "";
			projectRoot = "";
			targets = (
				B841ACD026AD87A1001A2ED6 /* SlideshowApp */,
			);
		};
/* End PBXProject section */

/* Begin PBXResourcesBuildPhase section */
		B841ACCF26AD87A1001A2ED6 /* Resources */ = {
			isa = PBXResourcesBuildPhase;
			buildActionMask = 2147483647;
			files = (
				B841ACED26AD8AC3001A2ED6 /* buranko_boy_sad.png in Resources */,
				B841ACE126AD87A2001A2ED6 /* LaunchScreen.storyboard in Resources */,
				B861563E26B2D1A00026EFC3 /* gazou-1.jpeg in Resources */,
				B841ACF226AD8ACD001A2ED6 /* buranko_boy_smile.png in Resources */,
				B861561C26B2331D0026EFC3 /* gazou-4.jpeg in Resources */,
				B861561B26B2331D0026EFC3 /* gazou-3.jpeg in Resources */,
				B841ACF426AD8ACD001A2ED6 /* buranko_girl_smile.png in Resources */,
				B841ACDE26AD87A2001A2ED6 /* Assets.xcassets in Resources */,
				B861561A26B2331D0026EFC3 /* gazou-2.jpeg in Resources */,
				B841ACDC26AD87A1001A2ED6 /* Main.storyboard in Resources */,
				B841ACF326AD8ACD001A2ED6 /* buranko_girl_sad.png in Resources */,
			);
			runOnlyForDeploymentPostprocessing = 0;
		};
/* End PBXResourcesBuildPhase section */

/* Begin PBXSourcesBuildPhase section */
		B841ACCD26AD87A1001A2ED6 /* Sources */ = {
			isa = PBXSourcesBuildPhase;
			buildActionMask = 2147483647;
			files = (
				B841ACD926AD87A1001A2ED6 /* ViewController.swift in Sources */,
				B841ACD526AD87A1001A2ED6 /* AppDelegate.swift in Sources */,
				B841ACD726AD87A1001A2ED6 /* SceneDelegate.swift in Sources */,
				B841ACEA26AD8960001A2ED6 /* resultViewController.swift in Sources */,
			);
			runOnlyForDeploymentPostprocessing = 0;
		};
/* End PBXSourcesBuildPhase section */

/* Begin PBXVariantGroup section */
		B841ACDA26AD87A1001A2ED6 /* Main.storyboard */ = {
			isa = PBXVariantGroup;
			children = (
				B841ACDB26AD87A1001A2ED6 /* Base */,
			);
			name = Main.storyboard;
			sourceTree = "<group>";
		};
		B841ACDF26AD87A2001A2ED6 /* LaunchScreen.storyboard */ = {
			isa = PBXVariantGroup;
			children = (
				B841ACE026AD87A2001A2ED6 /* Base */,
			);
			name = LaunchScreen.storyboard;
			sourceTree = "<group>";
		};
/* End PBXVariantGroup section */

/* Begin XCBuildConfiguration section */
		B841ACE326AD87A2001A2ED6 /* Debug */ = {
			isa = XCBuildConfiguration;
			buildSettings = {
				ALWAYS_SEARCH_USER_PATHS = NO;
				CLANG_ANALYZER_NONNULL = YES;
				CLANG_ANALYZER_NUMBER_OBJECT_CONVERSION = YES_AGGRESSIVE;
				CLANG_CXX_LANGUAGE_STANDARD = "gnu++14";
				CLANG_CXX_LIBRARY = "libc++";
				CLANG_ENABLE_MODULES = YES;
				CLANG_ENABLE_OBJC_ARC = YES;
				CLANG_ENABLE_OBJC_WEAK = YES;
				CLANG_WARN_BLOCK_CAPTURE_AUTORELEASING = YES;
				CLANG_WARN_BOOL_CONVERSION = YES;
				CLANG_WARN_COMMA = YES;
				CLANG_WARN_CONSTANT_CONVERSION = YES;
				CLANG_WARN_DEPRECATED_OBJC_IMPLEMENTATIONS = YES;
				CLANG_WARN_DIRECT_OBJC_ISA_USAGE = YES_ERROR;
				CLANG_WARN_DOCUMENTATION_COMMENTS = YES;
				CLANG_WARN_EMPTY_BODY = YES;
				CLANG_WARN_ENUM_CONVERSION = YES;
				CLANG_WARN_INFINITE_RECURSION = YES;
				CLANG_WARN_INT_CONVERSION = YES;
				CLANG_WARN_NON_LITERAL_NULL_CONVERSION = YES;
				CLANG_WARN_OBJC_IMPLICIT_RETAIN_SELF = YES;
				CLANG_WARN_OBJC_LITERAL_CONVERSION = YES;
				CLANG_WARN_OBJC_ROOT_CLASS = YES_ERROR;
				CLANG_WARN_QUOTED_INCLUDE_IN_FRAMEWORK_HEADER = YES;
				CLANG_WARN_RANGE_LOOP_ANALYSIS = YES;
				CLANG_WARN_STRICT_PROTOTYPES = YES;
				CLANG_WARN_SUSPICIOUS_MOVE = YES;
				CLANG_WARN_UNGUARDED_AVAILABILITY = YES_AGGRESSIVE;
				CLANG_WARN_UNREACHABLE_CODE = YES;
				CLANG_WARN__DUPLICATE_METHOD_MATCH = YES;
				COPY_PHASE_STRIP = NO;
				DEBUG_INFORMATION_FORMAT = dwarf;
				ENABLE_STRICT_OBJC_MSGSEND = YES;
				ENABLE_TESTABILITY = YES;
				GCC_C_LANGUAGE_STANDARD = gnu11;
				GCC_DYNAMIC_NO_PIC = NO;
				GCC_NO_COMMON_BLOCKS = YES;
				GCC_OPTIMIZATION_LEVEL = 0;
				GCC_PREPROCESSOR_DEFINITIONS = (
					"DEBUG=1",
					"$(inherited)",
				);
				GCC_WARN_64_TO_32_BIT_CONVERSION = YES;
				GCC_WARN_ABOUT_RETURN_TYPE = YES_ERROR;
				GCC_WARN_UNDECLARED_SELECTOR = YES;
				GCC_WARN_UNINITIALIZED_AUTOS = YES_AGGRESSIVE;
				GCC_WARN_UNUSED_FUNCTION = YES;
				GCC_WARN_UNUSED_VARIABLE = YES;
				IPHONEOS_DEPLOYMENT_TARGET = 14.2;
				MTL_ENABLE_DEBUG_INFO = INCLUDE_SOURCE;
				MTL_FAST_MATH = YES;
				ONLY_ACTIVE_ARCH = YES;
				SDKROOT = iphoneos;
				SWIFT_ACTIVE_COMPILATION_CONDITIONS = DEBUG;
				SWIFT_OPTIMIZATION_LEVEL = "-Onone";
			};
			name = Debug;
		};
		B841ACE426AD87A2001A2ED6 /* Release */ = {
			isa = XCBuildConfiguration;
			buildSettings = {
				ALWAYS_SEARCH_USER_PATHS = NO;
				CLANG_ANALYZER_NONNULL = YES;
				CLANG_ANALYZER_NUMBER_OBJECT_CONVERSION = YES_AGGRESSIVE;
				CLANG_CXX_LANGUAGE_STANDARD = "gnu++14";
				CLANG_CXX_LIBRARY = "libc++";
				CLANG_ENABLE_MODULES = YES;
				CLANG_ENABLE_OBJC_ARC = YES;
				CLANG_ENABLE_OBJC_WEAK = YES;
				CLANG_WARN_BLOCK_CAPTURE_AUTORELEASING = YES;
				CLANG_WARN_BOOL_CONVERSION = YES;
				CLANG_WARN_COMMA = YES;
				CLANG_WARN_CONSTANT_CONVERSION = YES;
				CLANG_WARN_DEPRECATED_OBJC_IMPLEMENTATIONS = YES;
				CLANG_WARN_DIRECT_OBJC_ISA_USAGE = YES_ERROR;
				CLANG_WARN_DOCUMENTATION_COMMENTS = YES;
				CLANG_WARN_EMPTY_BODY = YES;
				CLANG_WARN_ENUM_CONVERSION = YES;
				CLANG_WARN_INFINITE_RECURSION = YES;
				CLANG_WARN_INT_CONVERSION = YES;
				CLANG_WARN_NON_LITERAL_NULL_CONVERSION = YES;
				CLANG_WARN_OBJC_IMPLICIT_RETAIN_SELF = YES;
				CLANG_WARN_OBJC_LITERAL_CONVERSION = YES;
				CLANG_WARN_OBJC_ROOT_CLASS = YES_ERROR;
				CLANG_WARN_QUOTED_INCLUDE_IN_FRAMEWORK_HEADER = YES;
				CLANG_WARN_RANGE_LOOP_ANALYSIS = YES;
				CLANG_WARN_STRICT_PROTOTYPES = YES;
				CLANG_WARN_SUSPICIOUS_MOVE = YES;
				CLANG_WARN_UNGUARDED_AVAILABILITY = YES_AGGRESSIVE;
				CLANG_WARN_UNREACHABLE_CODE = YES;
				CLANG_WARN__DUPLICATE_METHOD_MATCH = YES;
				COPY_PHASE_STRIP = NO;
				DEBUG_INFORMATION_FORMAT = "dwarf-with-dsym";
				ENABLE_NS_ASSERTIONS = NO;
				ENABLE_STRICT_OBJC_MSGSEND = YES;
				GCC_C_LANGUAGE_STANDARD = gnu11;
				GCC_NO_COMMON_BLOCKS = YES;
				GCC_WARN_64_TO_32_BIT_CONVERSION = YES;
				GCC_WARN_ABOUT_RETURN_TYPE = YES_ERROR;
				GCC_WARN_UNDECLARED_SELECTOR = YES;
				GCC_WARN_UNINITIALIZED_AUTOS = YES_AGGRESSIVE;
				GCC_WARN_UNUSED_FUNCTION = YES;
				GCC_WARN_UNUSED_VARIABLE = YES;
				IPHONEOS_DEPLOYMENT_TARGET = 14.2;
				MTL_ENABLE_DEBUG_INFO = NO;
				MTL_FAST_MATH = YES;
				SDKROOT = iphoneos;
				SWIFT_COMPILATION_MODE = wholemodule;
				SWIFT_OPTIMIZATION_LEVEL = "-O";
				VALIDATE_PRODUCT = YES;
			};
			name = Release;
		};
		B841ACE626AD87A2001A2ED6 /* Debug */ = {
			isa = XCBuildConfiguration;
			buildSettings = {
				ASSETCATALOG_COMPILER_APPICON_NAME = AppIcon;
				ASSETCATALOG_COMPILER_GLOBAL_ACCENT_COLOR_NAME = AccentColor;
				CODE_SIGN_STYLE = Automatic;
				INFOPLIST_FILE = SlideshowApp/Info.plist;
				LD_RUNPATH_SEARCH_PATHS = (
					"$(inherited)",
					"@executable_path/Frameworks",
				);
				PRODUCT_BUNDLE_IDENTIFIER = jp.techacademy.rie.okano.SlideshowApp;
				PRODUCT_NAME = "$(TARGET_NAME)";
				SWIFT_VERSION = 5.0;
				TARGETED_DEVICE_FAMILY = "1,2";
			};
			name = Debug;
		};
		B841ACE726AD87A2001A2ED6 /* Release */ = {
			isa = XCBuildConfiguration;
			buildSettings = {
				ASSETCATALOG_COMPILER_APPICON_NAME = AppIcon;
				ASSETCATALOG_COMPILER_GLOBAL_ACCENT_COLOR_NAME = AccentColor;
				CODE_SIGN_STYLE = Automatic;
				INFOPLIST_FILE = SlideshowApp/Info.plist;
				LD_RUNPATH_SEARCH_PATHS = (
					"$(inherited)",
					"@executable_path/Frameworks",
				);
				PRODUCT_BUNDLE_IDENTIFIER = jp.techacademy.rie.okano.SlideshowApp;
				PRODUCT_NAME = "$(TARGET_NAME)";
				SWIFT_VERSION = 5.0;
				TARGETED_DEVICE_FAMILY = "1,2";
			};
			name = Release;
		};
/* End XCBuildConfiguration section */

/* Begin XCConfigurationList section */
		B841ACCC26AD87A1001A2ED6 /* Build configuration list for PBXProject "SlideshowApp" */ = {
			isa = XCConfigurationList;
			buildConfigurations = (
				B841ACE326AD87A2001A2ED6 /* Debug */,
				B841ACE426AD87A2001A2ED6 /* Release */,
			);
			defaultConfigurationIsVisible = 0;
			defaultConfigurationName = Release;
		};
		B841ACE526AD87A2001A2ED6 /* Build configuration list for PBXNativeTarget "SlideshowApp" */ = {
			isa = XCConfigurationList;
			buildConfigurations = (
				B841ACE626AD87A2001A2ED6 /* Debug */,
				B841ACE726AD87A2001A2ED6 /* Release */,
			);
			defaultConfigurationIsVisible = 0;
			defaultConfigurationName = Release;
		};
/* End XCConfigurationList section */
	};
	rootObject = B841ACC926AD87A1001A2ED6 /* Project object */;
}
